
Microsoft Visual Studio Solution File, Format Version 12.00
# Visual Studio 15
VisualStudioVersion = 15.0.26430.13
MinimumVisualStudioVersion = 10.0.40219.1
Project("{FAE04EC0-301F-11D3-BF4B-00C04F79EFBC}") = "ThreadJoinDemo", "ThreadJoinDemo\ThreadJoinDemo.csproj", "{33526C3B-6864-4BCD-A10D-30029EAA311B}"
EndProject
Global
	GlobalSection(SolutionConfigurationPlatforms) = preSolution
		Debug|Any CPU = Debug|Any CPU
		Release|Any CPU = Release|Any CPU
	EndGlobalSection
	GlobalSection(ProjectConfigurationPlatforms) = postSolution
		{33526C3B-6864-4BCD-A10D-30029EAA311B}.Debug|Any CPU.ActiveCfg = Debug|Any CPU
		{33526C3B-6864-4BCD-A10D-30029EAA311B}.Debug|Any CPU.Build.0 = Debug|Any CPU
		{33526C3B-6864-4BCD-A10D-30029EAA311B}.Release|Any CPU.ActiveCfg = Release|Any CPU
		{33526C3B-6864-4BCD-A10D-30029EAA311B}.Release|Any CPU.Build.0 = Release|Any CPU
	EndGlobalSection
	GlobalSection(SolutionProperties) = preSolution
		HideSolutionNode = FALSE
	EndGlobalSection
EndGlobal
