
Microsoft Visual Studio Solution File, Format Version 12.00
# Visual Studio Version 16
VisualStudioVersion = 16.0.30002.166
MinimumVisualStudioVersion = 10.0.40219.1
Project("{FAE04EC0-301F-11D3-BF4B-00C04F79EFBC}") = "Presentation", "Presentation\Presentation.csproj", "{F8D81311-06F7-401C-AF72-BE8847B061D8}"
EndProject
Project("{FAE04EC0-301F-11D3-BF4B-00C04F79EFBC}") = "Application", "Application\Application.csproj", "{E5AFA438-AC32-453D-ABE5-5DB8AA9BFC19}"
EndProject
Project("{FAE04EC0-301F-11D3-BF4B-00C04F79EFBC}") = "DomainModel", "DomainModel\DomainModel.csproj", "{8F1EA090-BEA8-4DD4-999C-2F2686AF97C6}"
EndProject
Global
	GlobalSection(SolutionConfigurationPlatforms) = preSolution
		Debug|Any CPU = Debug|Any CPU
		Release|Any CPU = Release|Any CPU
	EndGlobalSection
	GlobalSection(ProjectConfigurationPlatforms) = postSolution
		{F8D81311-06F7-401C-AF72-BE8847B061D8}.Debug|Any CPU.ActiveCfg = Debug|Any CPU
		{F8D81311-06F7-401C-AF72-BE8847B061D8}.Debug|Any CPU.Build.0 = Debug|Any CPU
		{F8D81311-06F7-401C-AF72-BE8847B061D8}.Release|Any CPU.ActiveCfg = Release|Any CPU
		{F8D81311-06F7-401C-AF72-BE8847B061D8}.Release|Any CPU.Build.0 = Release|Any CPU
		{E5AFA438-AC32-453D-ABE5-5DB8AA9BFC19}.Debug|Any CPU.ActiveCfg = Debug|Any CPU
		{E5AFA438-AC32-453D-ABE5-5DB8AA9BFC19}.Debug|Any CPU.Build.0 = Debug|Any CPU
		{E5AFA438-AC32-453D-ABE5-5DB8AA9BFC19}.Release|Any CPU.ActiveCfg = Release|Any CPU
		{E5AFA438-AC32-453D-ABE5-5DB8AA9BFC19}.Release|Any CPU.Build.0 = Release|Any CPU
		{8F1EA090-BEA8-4DD4-999C-2F2686AF97C6}.Debug|Any CPU.ActiveCfg = Debug|Any CPU
		{8F1EA090-BEA8-4DD4-999C-2F2686AF97C6}.Debug|Any CPU.Build.0 = Debug|Any CPU
		{8F1EA090-BEA8-4DD4-999C-2F2686AF97C6}.Release|Any CPU.ActiveCfg = Release|Any CPU
		{8F1EA090-BEA8-4DD4-999C-2F2686AF97C6}.Release|Any CPU.Build.0 = Release|Any CPU
	EndGlobalSection
	GlobalSection(SolutionProperties) = preSolution
		HideSolutionNode = FALSE
	EndGlobalSection
	GlobalSection(ExtensibilityGlobals) = postSolution
		SolutionGuid = {6747942C-E3A7-4179-B199-B017C7BC799E}
	EndGlobalSection
EndGlobal
